{
    "_readme": [
        "This file locks the dependencies of your project to a known state",
        "Read more about it at https://getcomposer.org/doc/01-basic-usage.md#installing-dependencies",
        "This file is @generated automatically"
    ],
    "content-hash": "7e39728c0420254da1ec2a1d012e5900",
    "packages": [
        {
            "name": "loilo/fuse",
            "version": "3.4.6",
            "source": {
                "type": "git",
                "url": "https://github.com/loilo/Fuse.git",
                "reference": "ed0ab1cec69cc30e20111c7eeef6d4614ad82bb9"
            },
            "dist": {
                "type": "zip",
                "url": "https://api.github.com/repos/loilo/Fuse/zipball/ed0ab1cec69cc30e20111c7eeef6d4614ad82bb9",
                "reference": "ed0ab1cec69cc30e20111c7eeef6d4614ad82bb9",
                "shasum": ""
            },
            "require": {
                "php": "^5.6 || ^7.0"
            },
            "require-dev": {
                "phpunit/phpunit": "^5.0 || ^6.0 || ^7.0"
            },
            "type": "library",
            "autoload": {
                "psr-4": {
                    "Fuse\\": "src/"
                },
                "files": [
                    "src/Bitap/matched_indices.php",
                    "src/Bitap/pattern_alphabet.php",
                    "src/Bitap/regex_search.php",
                    "src/Bitap/score.php",
                    "src/Bitap/search.php",
                    "src/Helpers/deep_value.php",
                    "src/Helpers/is_list.php"
                ]
            },
            "notification-url": "https://packagist.org/downloads/",
            "license": [
                "Apache-2.0"
            ],
            "authors": [
                {
                    "name": "Florian Reuschel",
                    "email": "florian@loilo.de"
                }
            ],
            "description": "Fuzzy search for PHP based on Bitap algorithm",
            "time": "2019-11-21T11:23:02+00:00"
        }
    ],
    "packages-dev": [],
    "aliases": [],
    "minimum-stability": "stable",
    "stability-flags": [],
    "prefer-stable": false,
    "prefer-lowest": false,
    "platform": [],
    "platform-dev": []
}
